
Microsoft Visual Studio Solution File, Format Version 12.00
# Visual Studio 15
VisualStudioVersion = 15.0.28307.1022
MinimumVisualStudioVersion = 10.0.40219.1
Project("{8BC9CEB8-8B4A-11D0-8D11-00A0C91BC942}") = "Framework", "Framework\Framework.vcxproj", "{C2C565C9-91B3-4CF7-8A8C-FCD27A8FC931}"
EndProject
Project("{8BC9CEB8-8B4A-11D0-8D11-00A0C91BC942}") = "UnitTest", "UnitTest\UnitTest.vcxproj", "{934E6E49-A838-4EE9-BEE0-E9A6C19F25AF}"
	ProjectSection(ProjectDependencies) = postProject
		{C2C565C9-91B3-4CF7-8A8C-FCD27A8FC931} = {C2C565C9-91B3-4CF7-8A8C-FCD27A8FC931}
	EndProjectSection
EndProject
Project("{2150E333-8FDC-42A3-9474-1A3956D46DE8}") = "_Shaders", "_Shaders", "{1EB2C2D9-2C2B-4A5E-ACFC-B112F11F67B2}"
	ProjectSection(SolutionItems) = preProject
		..\_Shaders\00_Global.fx = ..\_Shaders\00_Global.fx
		..\_Shaders\00_Light.fx = ..\_Shaders\00_Light.fx
		..\_Shaders\00_Render.fx = ..\_Shaders\00_Render.fx
		..\_Shaders\02_Line.fx = ..\_Shaders\02_Line.fx
		..\_Shaders\03_Triangle.fx = ..\_Shaders\03_Triangle.fx
		..\_Shaders\04_Rect.fx = ..\_Shaders\04_Rect.fx
		..\_Shaders\05_World.fx = ..\_Shaders\05_World.fx
		..\_Shaders\09_Cube.fx = ..\_Shaders\09_Cube.fx
		..\_Shaders\10_Texture.fx = ..\_Shaders\10_Texture.fx
		..\_Shaders\11_TextureSampler.fx = ..\_Shaders\11_TextureSampler.fx
		..\_Shaders\12_Terrain.fx = ..\_Shaders\12_Terrain.fx
		..\_Shaders\13_DebugLine.fx = ..\_Shaders\13_DebugLine.fx
		..\_Shaders\16_Mesh.fx = ..\_Shaders\16_Mesh.fx
		..\_Shaders\17_CubeMap.fx = ..\_Shaders\17_CubeMap.fx
		..\_Shaders\17_CubeSky.fx = ..\_Shaders\17_CubeSky.fx
		..\_Shaders\19_Model.fx = ..\_Shaders\19_Model.fx
		..\_Shaders\21_Animation.fx = ..\_Shaders\21_Animation.fx
		..\_Shaders\23_RawBuffer.fx = ..\_Shaders\23_RawBuffer.fx
		..\_Shaders\24_Render2D.fx = ..\_Shaders\24_Render2D.fx
		..\_Shaders\24_Texture.fx = ..\_Shaders\24_Texture.fx
		..\_Shaders\25_GetBones.fx = ..\_Shaders\25_GetBones.fx
		..\_Shaders\30_Animation.fx = ..\_Shaders\30_Animation.fx
		..\_Shaders\31_Instance.fx = ..\_Shaders\31_Instance.fx
	EndProjectSection
EndProject
Project("{8BC9CEB8-8B4A-11D0-8D11-00A0C91BC942}") = "ModelEditor", "ModelEditor\ModelEditor.vcxproj", "{524A7145-CC2E-494E-A5BE-68D6E2825B55}"
	ProjectSection(ProjectDependencies) = postProject
		{C2C565C9-91B3-4CF7-8A8C-FCD27A8FC931} = {C2C565C9-91B3-4CF7-8A8C-FCD27A8FC931}
	EndProjectSection
EndProject
Global
	GlobalSection(SolutionConfigurationPlatforms) = preSolution
		Debug|x86 = Debug|x86
		Release|x86 = Release|x86
	EndGlobalSection
	GlobalSection(ProjectConfigurationPlatforms) = postSolution
		{C2C565C9-91B3-4CF7-8A8C-FCD27A8FC931}.Debug|x86.ActiveCfg = Debug|Win32
		{C2C565C9-91B3-4CF7-8A8C-FCD27A8FC931}.Debug|x86.Build.0 = Debug|Win32
		{C2C565C9-91B3-4CF7-8A8C-FCD27A8FC931}.Release|x86.ActiveCfg = Release|Win32
		{C2C565C9-91B3-4CF7-8A8C-FCD27A8FC931}.Release|x86.Build.0 = Release|Win32
		{934E6E49-A838-4EE9-BEE0-E9A6C19F25AF}.Debug|x86.ActiveCfg = Debug|Win32
		{934E6E49-A838-4EE9-BEE0-E9A6C19F25AF}.Debug|x86.Build.0 = Debug|Win32
		{934E6E49-A838-4EE9-BEE0-E9A6C19F25AF}.Release|x86.ActiveCfg = Release|Win32
		{934E6E49-A838-4EE9-BEE0-E9A6C19F25AF}.Release|x86.Build.0 = Release|Win32
		{524A7145-CC2E-494E-A5BE-68D6E2825B55}.Debug|x86.ActiveCfg = Debug|Win32
		{524A7145-CC2E-494E-A5BE-68D6E2825B55}.Debug|x86.Build.0 = Debug|Win32
		{524A7145-CC2E-494E-A5BE-68D6E2825B55}.Release|x86.ActiveCfg = Release|Win32
		{524A7145-CC2E-494E-A5BE-68D6E2825B55}.Release|x86.Build.0 = Release|Win32
	EndGlobalSection
	GlobalSection(SolutionProperties) = preSolution
		HideSolutionNode = FALSE
	EndGlobalSection
	GlobalSection(ExtensibilityGlobals) = postSolution
		SolutionGuid = {21D21FC5-3809-4E19-B0B4-4ED1112E4D47}
	EndGlobalSection
EndGlobal
